// !$*UTF8*$!
{
	archiveVersion = 1;
	classes = {
	};
	objectVersion = 50;
	objects = {

/* Begin PBXBuildFile section */
		8409A4E1231FCCD800C22DFB /* MediaVC.m in Sources */ = {isa = PBXBuildFile; fileRef = 8409A4E0231FCCD800C22DFB /* MediaVC.m */; };
		8413BD6D2367EB32008445BE /* DKAVPlayerToolBar.m in Sources */ = {isa = PBXBuildFile; fileRef = 8413BD2B2367EB32008445BE /* DKAVPlayerToolBar.m */; };
		8413BD6E2367EB32008445BE /* DKSelectView.m in Sources */ = {isa = PBXBuildFile; fileRef = 8413BD2C2367EB32008445BE /* DKSelectView.m */; };
		8413BD6F2367EB32008445BE /* DKAVPlayer.m in Sources */ = {isa = PBXBuildFile; fileRef = 8413BD2D2367EB32008445BE /* DKAVPlayer.m */; };
		8413BD702367EB32008445BE /* DKFullScreenVC.m in Sources */ = {isa = PBXBuildFile; fileRef = 8413BD312367EB32008445BE /* DKFullScreenVC.m */; };
		8413BD712367EB32008445BE /* DKVideoModel.m in Sources */ = {isa = PBXBuildFile; fileRef = 8413BD322367EB32008445BE /* DKVideoModel.m */; };
		8413BD722367EB32008445BE /* sun_max.png in Resources */ = {isa = PBXBuildFile; fileRef = 8413BD352367EB32008445BE /* sun_max.png */; };
		8413BD732367EB32008445BE /* pause_play@3x.png in Resources */ = {isa = PBXBuildFile; fileRef = 8413BD362367EB32008445BE /* pause_play@3x.png */; };
		8413BD742367EB32008445BE /* voice_max@3x.png in Resources */ = {isa = PBXBuildFile; fileRef = 8413BD372367EB32008445BE /* voice_max@3x.png */; };
		8413BD752367EB32008445BE /* voice_max.png in Resources */ = {isa = PBXBuildFile; fileRef = 8413BD382367EB32008445BE /* voice_max.png */; };
		8413BD762367EB32008445BE /* next_video.png in Resources */ = {isa = PBXBuildFile; fileRef = 8413BD392367EB32008445BE /* next_video.png */; };
		8413BD772367EB32008445BE /* slider_thumb@3x.png in Resources */ = {isa = PBXBuildFile; fileRef = 8413BD3A2367EB32008445BE /* slider_thumb@3x.png */; };
		8413BD782367EB32008445BE /* voice_min@3x.png in Resources */ = {isa = PBXBuildFile; fileRef = 8413BD3B2367EB32008445BE /* voice_min@3x.png */; };
		8413BD792367EB32008445BE /* slider_thumb@2x.png in Resources */ = {isa = PBXBuildFile; fileRef = 8413BD3C2367EB32008445BE /* slider_thumb@2x.png */; };
		8413BD7A2367EB32008445BE /* voice_min@2x.png in Resources */ = {isa = PBXBuildFile; fileRef = 8413BD3D2367EB32008445BE /* voice_min@2x.png */; };
		8413BD7B2367EB32008445BE /* start_play.png in Resources */ = {isa = PBXBuildFile; fileRef = 8413BD3E2367EB32008445BE /* start_play.png */; };
		8413BD7C2367EB32008445BE /* voice_middle.png in Resources */ = {isa = PBXBuildFile; fileRef = 8413BD3F2367EB32008445BE /* voice_middle.png */; };
		8413BD7D2367EB32008445BE /* voice_max@2x.png in Resources */ = {isa = PBXBuildFile; fileRef = 8413BD402367EB32008445BE /* voice_max@2x.png */; };
		8413BD7E2367EB32008445BE /* pause_play@2x.png in Resources */ = {isa = PBXBuildFile; fileRef = 8413BD412367EB32008445BE /* pause_play@2x.png */; };
		8413BD7F2367EB32008445BE /* pause_play.png in Resources */ = {isa = PBXBuildFile; fileRef = 8413BD422367EB32008445BE /* pause_play.png */; };
		8413BD802367EB32008445BE /* video_unLock@3x.png in Resources */ = {isa = PBXBuildFile; fileRef = 8413BD432367EB32008445BE /* video_unLock@3x.png */; };
		8413BD812367EB32008445BE /* start_play@3x.png in Resources */ = {isa = PBXBuildFile; fileRef = 8413BD442367EB32008445BE /* start_play@3x.png */; };
		8413BD822367EB32008445BE /* video_back.png in Resources */ = {isa = PBXBuildFile; fileRef = 8413BD452367EB32008445BE /* video_back.png */; };
		8413BD832367EB32008445BE /* bottom_bg.png in Resources */ = {isa = PBXBuildFile; fileRef = 8413BD462367EB32008445BE /* bottom_bg.png */; };
		8413BD842367EB32008445BE /* start_play@2x.png in Resources */ = {isa = PBXBuildFile; fileRef = 8413BD472367EB32008445BE /* start_play@2x.png */; };
		8413BD852367EB32008445BE /* video_unLock@2x.png in Resources */ = {isa = PBXBuildFile; fileRef = 8413BD482367EB32008445BE /* video_unLock@2x.png */; };
		8413BD862367EB32008445BE /* sun_min.png in Resources */ = {isa = PBXBuildFile; fileRef = 8413BD492367EB32008445BE /* sun_min.png */; };
		8413BD872367EB32008445BE /* video_lock.png in Resources */ = {isa = PBXBuildFile; fileRef = 8413BD4A2367EB32008445BE /* video_lock.png */; };
		8413BD882367EB32008445BE /* video_lock@2x.png in Resources */ = {isa = PBXBuildFile; fileRef = 8413BD4B2367EB32008445BE /* video_lock@2x.png */; };
		8413BD892367EB32008445BE /* voice_min.png in Resources */ = {isa = PBXBuildFile; fileRef = 8413BD4C2367EB32008445BE /* voice_min.png */; };
		8413BD8A2367EB32008445BE /* video_unLock.png in Resources */ = {isa = PBXBuildFile; fileRef = 8413BD4D2367EB32008445BE /* video_unLock.png */; };
		8413BD8B2367EB32008445BE /* fullScreen@2x.png in Resources */ = {isa = PBXBuildFile; fileRef = 8413BD4E2367EB32008445BE /* fullScreen@2x.png */; };
		8413BD8C2367EB32008445BE /* video_back@2x.png in Resources */ = {isa = PBXBuildFile; fileRef = 8413BD4F2367EB32008445BE /* video_back@2x.png */; };
		8413BD8D2367EB32008445BE /* head_bg@2x.png in Resources */ = {isa = PBXBuildFile; fileRef = 8413BD502367EB32008445BE /* head_bg@2x.png */; };
		8413BD8E2367EB32008445BE /* voice_middle@3x.png in Resources */ = {isa = PBXBuildFile; fileRef = 8413BD512367EB32008445BE /* voice_middle@3x.png */; };
		8413BD902367EB32008445BE /* voice_middle@2x.png in Resources */ = {isa = PBXBuildFile; fileRef = 8413BD532367EB32008445BE /* voice_middle@2x.png */; };
		8413BD922367EB32008445BE /* head_bg@3x.png in Resources */ = {isa = PBXBuildFile; fileRef = 8413BD552367EB32008445BE /* head_bg@3x.png */; };
		8413BD932367EB32008445BE /* slider_thumb.png in Resources */ = {isa = PBXBuildFile; fileRef = 8413BD562367EB32008445BE /* slider_thumb.png */; };
		8413BD942367EB32008445BE /* video_back@3x.png in Resources */ = {isa = PBXBuildFile; fileRef = 8413BD572367EB32008445BE /* video_back@3x.png */; };
		8413BD952367EB32008445BE /* fullScreen@3x.png in Resources */ = {isa = PBXBuildFile; fileRef = 8413BD582367EB32008445BE /* fullScreen@3x.png */; };
		8413BD962367EB32008445BE /* video_lock@3x.png in Resources */ = {isa = PBXBuildFile; fileRef = 8413BD592367EB32008445BE /* video_lock@3x.png */; };
		8413BD982367EB32008445BE /* sun_min@2x.png in Resources */ = {isa = PBXBuildFile; fileRef = 8413BD5B2367EB32008445BE /* sun_min@2x.png */; };
		8413BD992367EB32008445BE /* next_video@3x.png in Resources */ = {isa = PBXBuildFile; fileRef = 8413BD5C2367EB32008445BE /* next_video@3x.png */; };
		8413BD9A2367EB32008445BE /* bottom_bg@2x.png in Resources */ = {isa = PBXBuildFile; fileRef = 8413BD5D2367EB32008445BE /* bottom_bg@2x.png */; };
		8413BD9B2367EB32008445BE /* sun_max@2x.png in Resources */ = {isa = PBXBuildFile; fileRef = 8413BD5E2367EB32008445BE /* sun_max@2x.png */; };
		8413BD9C2367EB32008445BE /* sun_max@3x.png in Resources */ = {isa = PBXBuildFile; fileRef = 8413BD5F2367EB32008445BE /* sun_max@3x.png */; };
		8413BD9D2367EB32008445BE /* bottom_bg@3x.png in Resources */ = {isa = PBXBuildFile; fileRef = 8413BD602367EB32008445BE /* bottom_bg@3x.png */; };
		8413BD9E2367EB32008445BE /* next_video@2x.png in Resources */ = {isa = PBXBuildFile; fileRef = 8413BD612367EB32008445BE /* next_video@2x.png */; };
		8413BD9F2367EB32008445BE /* sun_min@3x.png in Resources */ = {isa = PBXBuildFile; fileRef = 8413BD622367EB32008445BE /* sun_min@3x.png */; };
		8413BDA12367EB32008445BE /* head_bg.png in Resources */ = {isa = PBXBuildFile; fileRef = 8413BD642367EB32008445BE /* head_bg.png */; };
		8413BDA22367EB32008445BE /* DKDownloadTask.m in Sources */ = {isa = PBXBuildFile; fileRef = 8413BD652367EB32008445BE /* DKDownloadTask.m */; };
		8413BDA32367EB32008445BE /* DKSmallToolBar.m in Sources */ = {isa = PBXBuildFile; fileRef = 8413BD682367EB32008445BE /* DKSmallToolBar.m */; };
		8413BDA42367EB32008445BE /* RXSlider.m in Sources */ = {isa = PBXBuildFile; fileRef = 8413BD692367EB32008445BE /* RXSlider.m */; };
		84892AAD2318C1EA00D34096 /* MediaListVC.m in Sources */ = {isa = PBXBuildFile; fileRef = 84892AAC2318C1EA00D34096 /* MediaListVC.m */; };
		84892B242318C91500D34096 /* UIAlertController+DY.m in Sources */ = {isa = PBXBuildFile; fileRef = 84892B232318C91500D34096 /* UIAlertController+DY.m */; };
		84892B272318CD0D00D34096 /* VCManager.m in Sources */ = {isa = PBXBuildFile; fileRef = 84892B262318CD0D00D34096 /* VCManager.m */; };
		84E067BD2187FFA0002C06E5 /* AppDelegate.m in Sources */ = {isa = PBXBuildFile; fileRef = 84E067BC2187FFA0002C06E5 /* AppDelegate.m */; };
		84E067C32187FFA0002C06E5 /* Main.storyboard in Resources */ = {isa = PBXBuildFile; fileRef = 84E067C12187FFA0002C06E5 /* Main.storyboard */; };
		84E067C52187FFA3002C06E5 /* Assets.xcassets in Resources */ = {isa = PBXBuildFile; fileRef = 84E067C42187FFA3002C06E5 /* Assets.xcassets */; };
		84E067C82187FFA3002C06E5 /* LaunchScreen.storyboard in Resources */ = {isa = PBXBuildFile; fileRef = 84E067C62187FFA3002C06E5 /* LaunchScreen.storyboard */; };
		84E067CB2187FFA3002C06E5 /* main.m in Sources */ = {isa = PBXBuildFile; fileRef = 84E067CA2187FFA3002C06E5 /* main.m */; };
		84E067D52187FFA4002C06E5 /* LURecordProjectTests.m in Sources */ = {isa = PBXBuildFile; fileRef = 84E067D42187FFA4002C06E5 /* LURecordProjectTests.m */; };
		84E067E02187FFA4002C06E5 /* LURecordProjectUITests.m in Sources */ = {isa = PBXBuildFile; fileRef = 84E067DF2187FFA4002C06E5 /* LURecordProjectUITests.m */; };
		84E068002188497C002C06E5 /* GlobalConfig.m in Sources */ = {isa = PBXBuildFile; fileRef = 84E067FF2188497C002C06E5 /* GlobalConfig.m */; };
		84E0680321885235002C06E5 /* UIKit.framework in Frameworks */ = {isa = PBXBuildFile; fileRef = 84E0680221885235002C06E5 /* UIKit.framework */; };
		84E0680521885241002C06E5 /* CoreGraphics.framework in Frameworks */ = {isa = PBXBuildFile; fileRef = 84E0680421885241002C06E5 /* CoreGraphics.framework */; };
		84E068072188524D002C06E5 /* QuartzCore.framework in Frameworks */ = {isa = PBXBuildFile; fileRef = 84E068062188524D002C06E5 /* QuartzCore.framework */; };
		84E0680921885256002C06E5 /* Accelerate.framework in Frameworks */ = {isa = PBXBuildFile; fileRef = 84E0680821885256002C06E5 /* Accelerate.framework */; };
		84E0680B21885260002C06E5 /* ImageIO.framework in Frameworks */ = {isa = PBXBuildFile; fileRef = 84E0680A21885260002C06E5 /* ImageIO.framework */; };
		84E0680D2188526A002C06E5 /* CoreText.framework in Frameworks */ = {isa = PBXBuildFile; fileRef = 84E0680C2188526A002C06E5 /* CoreText.framework */; };
		84E0680F21885272002C06E5 /* CoreFoundation.framework in Frameworks */ = {isa = PBXBuildFile; fileRef = 84E0680E21885272002C06E5 /* CoreFoundation.framework */; };
		84E0681121885284002C06E5 /* libz.tbd in Frameworks */ = {isa = PBXBuildFile; fileRef = 84E0681021885283002C06E5 /* libz.tbd */; };
		84E0681E218855A0002C06E5 /* MyTool.m in Sources */ = {isa = PBXBuildFile; fileRef = 84E0681D218855A0002C06E5 /* MyTool.m */; };
		84E0682321885662002C06E5 /* DINPro-Medium.otf in Resources */ = {isa = PBXBuildFile; fileRef = 84E0682021885662002C06E5 /* DINPro-Medium.otf */; };
		84E0682521885662002C06E5 /* DINPro-Regular.otf in Resources */ = {isa = PBXBuildFile; fileRef = 84E0682221885662002C06E5 /* DINPro-Regular.otf */; };
		84E0688221885834002C06E5 /* BaseNavViewController.m in Sources */ = {isa = PBXBuildFile; fileRef = 84E0686F21885834002C06E5 /* BaseNavViewController.m */; };
		84E0688E21885D7D002C06E5 /* UIView+Coordinate.m in Sources */ = {isa = PBXBuildFile; fileRef = 84E0688C21885D7D002C06E5 /* UIView+Coordinate.m */; };
		84E60A962362CD5000416CFB /* DKVideoDetailVC.m in Sources */ = {isa = PBXBuildFile; fileRef = 84E60A952362CD5000416CFB /* DKVideoDetailVC.m */; };
		84E60A992362D76700416CFB /* VideoListCell.m in Sources */ = {isa = PBXBuildFile; fileRef = 84E60A982362D76700416CFB /* VideoListCell.m */; };
		84E60A9F2362D80D00416CFB /* BaseViewController.m in Sources */ = {isa = PBXBuildFile; fileRef = 84E60A9D2362D80D00416CFB /* BaseViewController.m */; };
		84E60AA22362D81C00416CFB /* RootNavBar.m in Sources */ = {isa = PBXBuildFile; fileRef = 84E60AA12362D81C00416CFB /* RootNavBar.m */; };
		8B6F6F8FEDE6119660A780AE /* libPods-LURecordProject.a in Frameworks */ = {isa = PBXBuildFile; fileRef = 2E4DC1F1D464FA880752CA94 /* libPods-LURecordProject.a */; };
/* End PBXBuildFile section */

/* Begin PBXContainerItemProxy section */
		84E067D12187FFA4002C06E5 /* PBXContainerItemProxy */ = {
			isa = PBXContainerItemProxy;
			containerPortal = 84E067B02187FFA0002C06E5 /* Project object */;
			proxyType = 1;
			remoteGlobalIDString = 84E067B72187FFA0002C06E5;
			remoteInfo = LURecordProject;
		};
		84E067DC2187FFA4002C06E5 /* PBXContainerItemProxy */ = {
			isa = PBXContainerItemProxy;
			containerPortal = 84E067B02187FFA0002C06E5 /* Project object */;
			proxyType = 1;
			remoteGlobalIDString = 84E067B72187FFA0002C06E5;
			remoteInfo = LURecordProject;
		};
/* End PBXContainerItemProxy section */

/* Begin PBXFileReference section */
		2E4DC1F1D464FA880752CA94 /* libPods-LURecordProject.a */ = {isa = PBXFileReference; explicitFileType = archive.ar; includeInIndex = 0; path = "libPods-LURecordProject.a"; sourceTree = BUILT_PRODUCTS_DIR; };
		470C864A6D6E07A8BFD35A75 /* Pods-LURecordProject.debug.xcconfig */ = {isa = PBXFileReference; includeInIndex = 1; lastKnownFileType = text.xcconfig; name = "Pods-LURecordProject.debug.xcconfig"; path = "Pods/Target Support Files/Pods-LURecordProject/Pods-LURecordProject.debug.xcconfig"; sourceTree = "<group>"; };
		8409A4DF231FCCD800C22DFB /* MediaVC.h */ = {isa = PBXFileReference; lastKnownFileType = sourcecode.c.h; path = MediaVC.h; sourceTree = "<group>"; };
		8409A4E0231FCCD800C22DFB /* MediaVC.m */ = {isa = PBXFileReference; lastKnownFileType = sourcecode.c.objc; path = MediaVC.m; sourceTree = "<group>"; };
		8413BD2A2367EB32008445BE /* DKDownloadTask.h */ = {isa = PBXFileReference; fileEncoding = 4; lastKnownFileType = sourcecode.c.h; path = DKDownloadTask.h; sourceTree = "<group>"; };
		8413BD2B2367EB32008445BE /* DKAVPlayerToolBar.m */ = {isa = PBXFileReference; fileEncoding = 4; lastKnownFileType = sourcecode.c.objc; path = DKAVPlayerToolBar.m; sourceTree = "<group>"; };
		8413BD2C2367EB32008445BE /* DKSelectView.m */ = {isa = PBXFileReference; fileEncoding = 4; lastKnownFileType = sourcecode.c.objc; path = DKSelectView.m; sourceTree = "<group>"; };
		8413BD2D2367EB32008445BE /* DKAVPlayer.m */ = {isa = PBXFileReference; fileEncoding = 4; lastKnownFileType = sourcecode.c.objc; path = DKAVPlayer.m; sourceTree = "<group>"; };
		8413BD2F2367EB32008445BE /* RXSlider.h */ = {isa = PBXFileReference; fileEncoding = 4; lastKnownFileType = sourcecode.c.h; path = RXSlider.h; sourceTree = "<group>"; };
		8413BD302367EB32008445BE /* DKSmallToolBar.h */ = {isa = PBXFileReference; fileEncoding = 4; lastKnownFileType = sourcecode.c.h; path = DKSmallToolBar.h; sourceTree = "<group>"; };
		8413BD312367EB32008445BE /* DKFullScreenVC.m */ = {isa = PBXFileReference; fileEncoding = 4; lastKnownFileType = sourcecode.c.objc; path = DKFullScreenVC.m; sourceTree = "<group>"; };
		8413BD322367EB32008445BE /* DKVideoModel.m */ = {isa = PBXFileReference; fileEncoding = 4; lastKnownFileType = sourcecode.c.objc; path = DKVideoModel.m; sourceTree = "<group>"; };
		8413BD332367EB32008445BE /* DKAVPlayerToolBar.h */ = {isa = PBXFileReference; fileEncoding = 4; lastKnownFileType = sourcecode.c.h; path = DKAVPlayerToolBar.h; sourceTree = "<group>"; };
		8413BD352367EB32008445BE /* sun_max.png */ = {isa = PBXFileReference; lastKnownFileType = image.png; path = sun_max.png; sourceTree = "<group>"; };
		8413BD362367EB32008445BE /* pause_play@3x.png */ = {isa = PBXFileReference; lastKnownFileType = image.png; path = "pause_play@3x.png"; sourceTree = "<group>"; };
		8413BD372367EB32008445BE /* voice_max@3x.png */ = {isa = PBXFileReference; lastKnownFileType = image.png; path = "voice_max@3x.png"; sourceTree = "<group>"; };
		8413BD382367EB32008445BE /* voice_max.png */ = {isa = PBXFileReference; lastKnownFileType = image.png; path = voice_max.png; sourceTree = "<group>"; };
		8413BD392367EB32008445BE /* next_video.png */ = {isa = PBXFileReference; lastKnownFileType = image.png; path = next_video.png; sourceTree = "<group>"; };
		8413BD3A2367EB32008445BE /* slider_thumb@3x.png */ = {isa = PBXFileReference; lastKnownFileType = image.png; path = "slider_thumb@3x.png"; sourceTree = "<group>"; };
		8413BD3B2367EB32008445BE /* voice_min@3x.png */ = {isa = PBXFileReference; lastKnownFileType = image.png; path = "voice_min@3x.png"; sourceTree = "<group>"; };
		8413BD3C2367EB32008445BE /* slider_thumb@2x.png */ = {isa = PBXFileReference; lastKnownFileType = image.png; path = "slider_thumb@2x.png"; sourceTree = "<group>"; };
		8413BD3D2367EB32008445BE /* voice_min@2x.png */ = {isa = PBXFileReference; lastKnownFileType = image.png; path = "voice_min@2x.png"; sourceTree = "<group>"; };
		8413BD3E2367EB32008445BE /* start_play.png */ = {isa = PBXFileReference; lastKnownFileType = image.png; path = start_play.png; sourceTree = "<group>"; };
		8413BD3F2367EB32008445BE /* voice_middle.png */ = {isa = PBXFileReference; lastKnownFileType = image.png; path = voice_middle.png; sourceTree = "<group>"; };
		8413BD402367EB32008445BE /* voice_max@2x.png */ = {isa = PBXFileReference; lastKnownFileType = image.png; path = "voice_max@2x.png"; sourceTree = "<group>"; };
		8413BD412367EB32008445BE /* pause_play@2x.png */ = {isa = PBXFileReference; lastKnownFileType = image.png; path = "pause_play@2x.png"; sourceTree = "<group>"; };
		8413BD422367EB32008445BE /* pause_play.png */ = {isa = PBXFileReference; lastKnownFileType = image.png; path = pause_play.png; sourceTree = "<group>"; };
		8413BD432367EB32008445BE /* video_unLock@3x.png */ = {isa = PBXFileReference; lastKnownFileType = image.png; path = "video_unLock@3x.png"; sourceTree = "<group>"; };
		8413BD442367EB32008445BE /* start_play@3x.png */ = {isa = PBXFileReference; lastKnownFileType = image.png; path = "start_play@3x.png"; sourceTree = "<group>"; };
		8413BD452367EB32008445BE /* video_back.png */ = {isa = PBXFileReference; lastKnownFileType = image.png; path = video_back.png; sourceTree = "<group>"; };
		8413BD462367EB32008445BE /* bottom_bg.png */ = {isa = PBXFileReference; lastKnownFileType = image.png; path = bottom_bg.png; sourceTree = "<group>"; };
		8413BD472367EB32008445BE /* start_play@2x.png */ = {isa = PBXFileReference; lastKnownFileType = image.png; path = "start_play@2x.png"; sourceTree = "<group>"; };
		8413BD482367EB32008445BE /* video_unLock@2x.png */ = {isa = PBXFileReference; lastKnownFileType = image.png; path = "video_unLock@2x.png"; sourceTree = "<group>"; };
		8413BD492367EB32008445BE /* sun_min.png */ = {isa = PBXFileReference; lastKnownFileType = image.png; path = sun_min.png; sourceTree = "<group>"; };
		8413BD4A2367EB32008445BE /* video_lock.png */ = {isa = PBXFileReference; lastKnownFileType = image.png; path = video_lock.png; sourceTree = "<group>"; };
		8413BD4B2367EB32008445BE /* video_lock@2x.png */ = {isa = PBXFileReference; lastKnownFileType = image.png; path = "video_lock@2x.png"; sourceTree = "<group>"; };
		8413BD4C2367EB32008445BE /* voice_min.png */ = {isa = PBXFileReference; lastKnownFileType = image.png; path = voice_min.png; sourceTree = "<group>"; };
		8413BD4D2367EB32008445BE /* video_unLock.png */ = {isa = PBXFileReference; lastKnownFileType = image.png; path = video_unLock.png; sourceTree = "<group>"; };
		8413BD4E2367EB32008445BE /* fullScreen@2x.png */ = {isa = PBXFileReference; lastKnownFileType = image.png; path = "fullScreen@2x.png"; sourceTree = "<group>"; };
		8413BD4F2367EB32008445BE /* video_back@2x.png */ = {isa = PBXFileReference; lastKnownFileType = image.png; path = "video_back@2x.png"; sourceTree = "<group>"; };
		8413BD502367EB32008445BE /* head_bg@2x.png */ = {isa = PBXFileReference; lastKnownFileType = image.png; path = "head_bg@2x.png"; sourceTree = "<group>"; };
		8413BD512367EB32008445BE /* voice_middle@3x.png */ = {isa = PBXFileReference; lastKnownFileType = image.png; path = "voice_middle@3x.png"; sourceTree = "<group>"; };
		8413BD532367EB32008445BE /* voice_middle@2x.png */ = {isa = PBXFileReference; lastKnownFileType = image.png; path = "voice_middle@2x.png"; sourceTree = "<group>"; };
		8413BD552367EB32008445BE /* head_bg@3x.png */ = {isa = PBXFileReference; lastKnownFileType = image.png; path = "head_bg@3x.png"; sourceTree = "<group>"; };
		8413BD562367EB32008445BE /* slider_thumb.png */ = {isa = PBXFileReference; lastKnownFileType = image.png; path = slider_thumb.png; sourceTree = "<group>"; };
		8413BD572367EB32008445BE /* video_back@3x.png */ = {isa = PBXFileReference; lastKnownFileType = image.png; path = "video_back@3x.png"; sourceTree = "<group>"; };
		8413BD582367EB32008445BE /* fullScreen@3x.png */ = {isa = PBXFileReference; lastKnownFileType = image.png; path = "fullScreen@3x.png"; sourceTree = "<group>"; };
		8413BD592367EB32008445BE /* video_lock@3x.png */ = {isa = PBXFileReference; lastKnownFileType = image.png; path = "video_lock@3x.png"; sourceTree = "<group>"; };
		8413BD5B2367EB32008445BE /* sun_min@2x.png */ = {isa = PBXFileReference; lastKnownFileType = image.png; path = "sun_min@2x.png"; sourceTree = "<group>"; };
		8413BD5C2367EB32008445BE /* next_video@3x.png */ = {isa = PBXFileReference; lastKnownFileType = image.png; path = "next_video@3x.png"; sourceTree = "<group>"; };
		8413BD5D2367EB32008445BE /* bottom_bg@2x.png */ = {isa = PBXFileReference; lastKnownFileType = image.png; path = "bottom_bg@2x.png"; sourceTree = "<group>"; };
		8413BD5E2367EB32008445BE /* sun_max@2x.png */ = {isa = PBXFileReference; lastKnownFileType = image.png; path = "sun_max@2x.png"; sourceTree = "<group>"; };
		8413BD5F2367EB32008445BE /* sun_max@3x.png */ = {isa = PBXFileReference; lastKnownFileType = image.png; path = "sun_max@3x.png"; sourceTree = "<group>"; };
		8413BD602367EB32008445BE /* bottom_bg@3x.png */ = {isa = PBXFileReference; lastKnownFileType = image.png; path = "bottom_bg@3x.png"; sourceTree = "<group>"; };
		8413BD612367EB32008445BE /* next_video@2x.png */ = {isa = PBXFileReference; lastKnownFileType = image.png; path = "next_video@2x.png"; sourceTree = "<group>"; };
		8413BD622367EB32008445BE /* sun_min@3x.png */ = {isa = PBXFileReference; lastKnownFileType = image.png; path = "sun_min@3x.png"; sourceTree = "<group>"; };
		8413BD642367EB32008445BE /* head_bg.png */ = {isa = PBXFileReference; lastKnownFileType = image.png; path = head_bg.png; sourceTree = "<group>"; };
		8413BD652367EB32008445BE /* DKDownloadTask.m */ = {isa = PBXFileReference; fileEncoding = 4; lastKnownFileType = sourcecode.c.objc; path = DKDownloadTask.m; sourceTree = "<group>"; };
		8413BD662367EB32008445BE /* DKAVPlayer.h */ = {isa = PBXFileReference; fileEncoding = 4; lastKnownFileType = sourcecode.c.h; path = DKAVPlayer.h; sourceTree = "<group>"; };
		8413BD672367EB32008445BE /* DKSelectView.h */ = {isa = PBXFileReference; fileEncoding = 4; lastKnownFileType = sourcecode.c.h; path = DKSelectView.h; sourceTree = "<group>"; };
		8413BD682367EB32008445BE /* DKSmallToolBar.m */ = {isa = PBXFileReference; fileEncoding = 4; lastKnownFileType = sourcecode.c.objc; path = DKSmallToolBar.m; sourceTree = "<group>"; };
		8413BD692367EB32008445BE /* RXSlider.m */ = {isa = PBXFileReference; fileEncoding = 4; lastKnownFileType = sourcecode.c.objc; path = RXSlider.m; sourceTree = "<group>"; };
		8413BD6B2367EB32008445BE /* DKVideoModel.h */ = {isa = PBXFileReference; fileEncoding = 4; lastKnownFileType = sourcecode.c.h; path = DKVideoModel.h; sourceTree = "<group>"; };
		8413BD6C2367EB32008445BE /* DKFullScreenVC.h */ = {isa = PBXFileReference; fileEncoding = 4; lastKnownFileType = sourcecode.c.h; path = DKFullScreenVC.h; sourceTree = "<group>"; };
		84892AAB2318C1EA00D34096 /* MediaListVC.h */ = {isa = PBXFileReference; lastKnownFileType = sourcecode.c.h; path = MediaListVC.h; sourceTree = "<group>"; };
		84892AAC2318C1EA00D34096 /* MediaListVC.m */ = {isa = PBXFileReference; lastKnownFileType = sourcecode.c.objc; path = MediaListVC.m; sourceTree = "<group>"; };
		84892B222318C91500D34096 /* UIAlertController+DY.h */ = {isa = PBXFileReference; fileEncoding = 4; lastKnownFileType = sourcecode.c.h; path = "UIAlertController+DY.h"; sourceTree = "<group>"; };
		84892B232318C91500D34096 /* UIAlertController+DY.m */ = {isa = PBXFileReference; fileEncoding = 4; lastKnownFileType = sourcecode.c.objc; path = "UIAlertController+DY.m"; sourceTree = "<group>"; };
		84892B252318CD0D00D34096 /* VCManager.h */ = {isa = PBXFileReference; fileEncoding = 4; lastKnownFileType = sourcecode.c.h; path = VCManager.h; sourceTree = "<group>"; };
		84892B262318CD0D00D34096 /* VCManager.m */ = {isa = PBXFileReference; fileEncoding = 4; lastKnownFileType = sourcecode.c.objc; path = VCManager.m; sourceTree = "<group>"; };
		84E067B82187FFA0002C06E5 /* 视频播放器.app */ = {isa = PBXFileReference; explicitFileType = wrapper.application; includeInIndex = 0; path = "视频播放器.app"; sourceTree = BUILT_PRODUCTS_DIR; };
		84E067BB2187FFA0002C06E5 /* AppDelegate.h */ = {isa = PBXFileReference; lastKnownFileType = sourcecode.c.h; path = AppDelegate.h; sourceTree = "<group>"; };
		84E067BC2187FFA0002C06E5 /* AppDelegate.m */ = {isa = PBXFileReference; lastKnownFileType = sourcecode.c.objc; path = AppDelegate.m; sourceTree = "<group>"; };
		84E067C22187FFA0002C06E5 /* Base */ = {isa = PBXFileReference; lastKnownFileType = file.storyboard; name = Base; path = Base.lproj/Main.storyboard; sourceTree = "<group>"; };
		84E067C42187FFA3002C06E5 /* Assets.xcassets */ = {isa = PBXFileReference; lastKnownFileType = folder.assetcatalog; path = Assets.xcassets; sourceTree = "<group>"; };
		84E067C72187FFA3002C06E5 /* Base */ = {isa = PBXFileReference; lastKnownFileType = file.storyboard; name = Base; path = Base.lproj/LaunchScreen.storyboard; sourceTree = "<group>"; };
		84E067C92187FFA3002C06E5 /* Info.plist */ = {isa = PBXFileReference; lastKnownFileType = text.plist.xml; path = Info.plist; sourceTree = "<group>"; };
		84E067CA2187FFA3002C06E5 /* main.m */ = {isa = PBXFileReference; lastKnownFileType = sourcecode.c.objc; path = main.m; sourceTree = "<group>"; };
		84E067D02187FFA4002C06E5 /* LURecordProjectTests.xctest */ = {isa = PBXFileReference; explicitFileType = wrapper.cfbundle; includeInIndex = 0; path = LURecordProjectTests.xctest; sourceTree = BUILT_PRODUCTS_DIR; };
		84E067D42187FFA4002C06E5 /* LURecordProjectTests.m */ = {isa = PBXFileReference; lastKnownFileType = sourcecode.c.objc; path = LURecordProjectTests.m; sourceTree = "<group>"; };
		84E067D62187FFA4002C06E5 /* Info.plist */ = {isa = PBXFileReference; lastKnownFileType = text.plist.xml; path = Info.plist; sourceTree = "<group>"; };
		84E067DB2187FFA4002C06E5 /* LURecordProjectUITests.xctest */ = {isa = PBXFileReference; explicitFileType = wrapper.cfbundle; includeInIndex = 0; path = LURecordProjectUITests.xctest; sourceTree = BUILT_PRODUCTS_DIR; };
		84E067DF2187FFA4002C06E5 /* LURecordProjectUITests.m */ = {isa = PBXFileReference; lastKnownFileType = sourcecode.c.objc; path = LURecordProjectUITests.m; sourceTree = "<group>"; };
		84E067E12187FFA4002C06E5 /* Info.plist */ = {isa = PBXFileReference; lastKnownFileType = text.plist.xml; path = Info.plist; sourceTree = "<group>"; };
		84E067FD2188493E002C06E5 /* PrefixHeader.pch */ = {isa = PBXFileReference; lastKnownFileType = sourcecode.c.h; path = PrefixHeader.pch; sourceTree = "<group>"; };
		84E067FE2188497C002C06E5 /* GlobalConfig.h */ = {isa = PBXFileReference; lastKnownFileType = sourcecode.c.h; path = GlobalConfig.h; sourceTree = "<group>"; };
		84E067FF2188497C002C06E5 /* GlobalConfig.m */ = {isa = PBXFileReference; lastKnownFileType = sourcecode.c.objc; path = GlobalConfig.m; sourceTree = "<group>"; };
		84E0680221885235002C06E5 /* UIKit.framework */ = {isa = PBXFileReference; lastKnownFileType = wrapper.framework; name = UIKit.framework; path = System/Library/Frameworks/UIKit.framework; sourceTree = SDKROOT; };
		84E0680421885241002C06E5 /* CoreGraphics.framework */ = {isa = PBXFileReference; lastKnownFileType = wrapper.framework; name = CoreGraphics.framework; path = System/Library/Frameworks/CoreGraphics.framework; sourceTree = SDKROOT; };
		84E068062188524D002C06E5 /* QuartzCore.framework */ = {isa = PBXFileReference; lastKnownFileType = wrapper.framework; name = QuartzCore.framework; path = System/Library/Frameworks/QuartzCore.framework; sourceTree = SDKROOT; };
		84E0680821885256002C06E5 /* Accelerate.framework */ = {isa = PBXFileReference; lastKnownFileType = wrapper.framework; name = Accelerate.framework; path = System/Library/Frameworks/Accelerate.framework; sourceTree = SDKROOT; };
		84E0680A21885260002C06E5 /* ImageIO.framework */ = {isa = PBXFileReference; lastKnownFileType = wrapper.framework; name = ImageIO.framework; path = System/Library/Frameworks/ImageIO.framework; sourceTree = SDKROOT; };
		84E0680C2188526A002C06E5 /* CoreText.framework */ = {isa = PBXFileReference; lastKnownFileType = wrapper.framework; name = CoreText.framework; path = System/Library/Frameworks/CoreText.framework; sourceTree = SDKROOT; };
		84E0680E21885272002C06E5 /* CoreFoundation.framework */ = {isa = PBXFileReference; lastKnownFileType = wrapper.framework; name = CoreFoundation.framework; path = System/Library/Frameworks/CoreFoundation.framework; sourceTree = SDKROOT; };
		84E0681021885283002C06E5 /* libz.tbd */ = {isa = PBXFileReference; lastKnownFileType = "sourcecode.text-based-dylib-definition"; name = libz.tbd; path = usr/lib/libz.tbd; sourceTree = SDKROOT; };
		84E068172188548E002C06E5 /* MHDefine.h */ = {isa = PBXFileReference; fileEncoding = 4; lastKnownFileType = sourcecode.c.h; path = MHDefine.h; sourceTree = "<group>"; };
		84E068182188548E002C06E5 /* MHPathDefine.h */ = {isa = PBXFileReference; fileEncoding = 4; lastKnownFileType = sourcecode.c.h; path = MHPathDefine.h; sourceTree = "<group>"; };
		84E068192188548E002C06E5 /* MHLogDefine.h */ = {isa = PBXFileReference; fileEncoding = 4; lastKnownFileType = sourcecode.c.h; path = MHLogDefine.h; sourceTree = "<group>"; };
		84E0681A2188548E002C06E5 /* MHViewDefine.h */ = {isa = PBXFileReference; fileEncoding = 4; lastKnownFileType = sourcecode.c.h; path = MHViewDefine.h; sourceTree = "<group>"; };
		84E0681C218855A0002C06E5 /* MyTool.h */ = {isa = PBXFileReference; lastKnownFileType = sourcecode.c.h; path = MyTool.h; sourceTree = "<group>"; };
		84E0681D218855A0002C06E5 /* MyTool.m */ = {isa = PBXFileReference; lastKnownFileType = sourcecode.c.objc; path = MyTool.m; sourceTree = "<group>"; };
		84E0682021885662002C06E5 /* DINPro-Medium.otf */ = {isa = PBXFileReference; lastKnownFileType = file; path = "DINPro-Medium.otf"; sourceTree = "<group>"; };
		84E0682221885662002C06E5 /* DINPro-Regular.otf */ = {isa = PBXFileReference; lastKnownFileType = file; path = "DINPro-Regular.otf"; sourceTree = "<group>"; };
		84E0686F21885834002C06E5 /* BaseNavViewController.m */ = {isa = PBXFileReference; fileEncoding = 4; lastKnownFileType = sourcecode.c.objc; path = BaseNavViewController.m; sourceTree = "<group>"; };
		84E0687921885834002C06E5 /* BaseNavViewController.h */ = {isa = PBXFileReference; fileEncoding = 4; lastKnownFileType = sourcecode.c.h; path = BaseNavViewController.h; sourceTree = "<group>"; };
		84E0688C21885D7D002C06E5 /* UIView+Coordinate.m */ = {isa = PBXFileReference; fileEncoding = 4; lastKnownFileType = sourcecode.c.objc; path = "UIView+Coordinate.m"; sourceTree = "<group>"; };
		84E0688D21885D7D002C06E5 /* UIView+Coordinate.h */ = {isa = PBXFileReference; fileEncoding = 4; lastKnownFileType = sourcecode.c.h; path = "UIView+Coordinate.h"; sourceTree = "<group>"; };
		84E60A942362CD4F00416CFB /* DKVideoDetailVC.h */ = {isa = PBXFileReference; fileEncoding = 4; lastKnownFileType = sourcecode.c.h; path = DKVideoDetailVC.h; sourceTree = "<group>"; };
		84E60A952362CD5000416CFB /* DKVideoDetailVC.m */ = {isa = PBXFileReference; fileEncoding = 4; lastKnownFileType = sourcecode.c.objc; path = DKVideoDetailVC.m; sourceTree = "<group>"; };
		84E60A972362D76700416CFB /* VideoListCell.h */ = {isa = PBXFileReference; fileEncoding = 4; lastKnownFileType = sourcecode.c.h; path = VideoListCell.h; sourceTree = "<group>"; };
		84E60A982362D76700416CFB /* VideoListCell.m */ = {isa = PBXFileReference; fileEncoding = 4; lastKnownFileType = sourcecode.c.objc; path = VideoListCell.m; sourceTree = "<group>"; };
		84E60A9D2362D80D00416CFB /* BaseViewController.m */ = {isa = PBXFileReference; fileEncoding = 4; lastKnownFileType = sourcecode.c.objc; path = BaseViewController.m; sourceTree = "<group>"; };
		84E60A9E2362D80D00416CFB /* BaseViewController.h */ = {isa = PBXFileReference; fileEncoding = 4; lastKnownFileType = sourcecode.c.h; path = BaseViewController.h; sourceTree = "<group>"; };
		84E60AA02362D81B00416CFB /* RootNavBar.h */ = {isa = PBXFileReference; fileEncoding = 4; lastKnownFileType = sourcecode.c.h; path = RootNavBar.h; sourceTree = "<group>"; };
		84E60AA12362D81C00416CFB /* RootNavBar.m */ = {isa = PBXFileReference; fileEncoding = 4; lastKnownFileType = sourcecode.c.objc; path = RootNavBar.m; sourceTree = "<group>"; };
		FCF2CF1D7FD39BC191E58F80 /* Pods-LURecordProject.release.xcconfig */ = {isa = PBXFileReference; includeInIndex = 1; lastKnownFileType = text.xcconfig; name = "Pods-LURecordProject.release.xcconfig"; path = "Pods/Target Support Files/Pods-LURecordProject/Pods-LURecordProject.release.xcconfig"; sourceTree = "<group>"; };
/* End PBXFileReference section */

/* Begin PBXFrameworksBuildPhase section */
		84E067B52187FFA0002C06E5 /* Frameworks */ = {
			isa = PBXFrameworksBuildPhase;
			buildActionMask = 2147483647;
			files = (
				84E0681121885284002C06E5 /* libz.tbd in Frameworks */,
				84E0680F21885272002C06E5 /* CoreFoundation.framework in Frameworks */,
				84E0680D2188526A002C06E5 /* CoreText.framework in Frameworks */,
				84E0680B21885260002C06E5 /* ImageIO.framework in Frameworks */,
				84E0680921885256002C06E5 /* Accelerate.framework in Frameworks */,
				84E068072188524D002C06E5 /* QuartzCore.framework in Frameworks */,
				84E0680521885241002C06E5 /* CoreGraphics.framework in Frameworks */,
				84E0680321885235002C06E5 /* UIKit.framework in Frameworks */,
				8B6F6F8FEDE6119660A780AE /* libPods-LURecordProject.a in Frameworks */,
			);
			runOnlyForDeploymentPostprocessing = 0;
		};
		84E067CD2187FFA4002C06E5 /* Frameworks */ = {
			isa = PBXFrameworksBuildPhase;
			buildActionMask = 2147483647;
			files = (
			);
			runOnlyForDeploymentPostprocessing = 0;
		};
		84E067D82187FFA4002C06E5 /* Frameworks */ = {
			isa = PBXFrameworksBuildPhase;
			buildActionMask = 2147483647;
			files = (
			);
			runOnlyForDeploymentPostprocessing = 0;
		};
/* End PBXFrameworksBuildPhase section */

/* Begin PBXGroup section */
		0D4F81ABA034F647B333B64E /* Pods */ = {
			isa = PBXGroup;
			children = (
				470C864A6D6E07A8BFD35A75 /* Pods-LURecordProject.debug.xcconfig */,
				FCF2CF1D7FD39BC191E58F80 /* Pods-LURecordProject.release.xcconfig */,
			);
			name = Pods;
			sourceTree = "<group>";
		};
		28A5183E3D61DC9AE5909562 /* Frameworks */ = {
			isa = PBXGroup;
			children = (
				84E0681021885283002C06E5 /* libz.tbd */,
				84E0680E21885272002C06E5 /* CoreFoundation.framework */,
				84E0680C2188526A002C06E5 /* CoreText.framework */,
				84E0680A21885260002C06E5 /* ImageIO.framework */,
				84E0680821885256002C06E5 /* Accelerate.framework */,
				84E068062188524D002C06E5 /* QuartzCore.framework */,
				84E0680421885241002C06E5 /* CoreGraphics.framework */,
				84E0680221885235002C06E5 /* UIKit.framework */,
				2E4DC1F1D464FA880752CA94 /* libPods-LURecordProject.a */,
			);
			name = Frameworks;
			sourceTree = "<group>";
		};
		8413BD292367EB32008445BE /* AVPlayer */ = {
			isa = PBXGroup;
			children = (
				8413BD662367EB32008445BE /* DKAVPlayer.h */,
				8413BD2D2367EB32008445BE /* DKAVPlayer.m */,
				8413BD332367EB32008445BE /* DKAVPlayerToolBar.h */,
				8413BD2B2367EB32008445BE /* DKAVPlayerToolBar.m */,
				8413BD2A2367EB32008445BE /* DKDownloadTask.h */,
				8413BD652367EB32008445BE /* DKDownloadTask.m */,
				8413BD6C2367EB32008445BE /* DKFullScreenVC.h */,
				8413BD312367EB32008445BE /* DKFullScreenVC.m */,
				8413BD672367EB32008445BE /* DKSelectView.h */,
				8413BD2C2367EB32008445BE /* DKSelectView.m */,
				8413BD302367EB32008445BE /* DKSmallToolBar.h */,
				8413BD682367EB32008445BE /* DKSmallToolBar.m */,
				8413BD6B2367EB32008445BE /* DKVideoModel.h */,
				8413BD322367EB32008445BE /* DKVideoModel.m */,
				8413BD342367EB32008445BE /* Resouce */,
				8413BD2F2367EB32008445BE /* RXSlider.h */,
				8413BD692367EB32008445BE /* RXSlider.m */,
			);
			path = AVPlayer;
			sourceTree = "<group>";
		};
		8413BD342367EB32008445BE /* Resouce */ = {
			isa = PBXGroup;
			children = (
				8413BD462367EB32008445BE /* bottom_bg.png */,
				8413BD5D2367EB32008445BE /* bottom_bg@2x.png */,
				8413BD602367EB32008445BE /* bottom_bg@3x.png */,
				8413BD4E2367EB32008445BE /* fullScreen@2x.png */,
				8413BD582367EB32008445BE /* fullScreen@3x.png */,
				8413BD642367EB32008445BE /* head_bg.png */,
				8413BD502367EB32008445BE /* head_bg@2x.png */,
				8413BD552367EB32008445BE /* head_bg@3x.png */,
				8413BD392367EB32008445BE /* next_video.png */,
				8413BD612367EB32008445BE /* next_video@2x.png */,
				8413BD5C2367EB32008445BE /* next_video@3x.png */,
				8413BD422367EB32008445BE /* pause_play.png */,
				8413BD412367EB32008445BE /* pause_play@2x.png */,
				8413BD362367EB32008445BE /* pause_play@3x.png */,
				8413BD562367EB32008445BE /* slider_thumb.png */,
				8413BD3C2367EB32008445BE /* slider_thumb@2x.png */,
				8413BD3A2367EB32008445BE /* slider_thumb@3x.png */,
				8413BD3E2367EB32008445BE /* start_play.png */,
				8413BD472367EB32008445BE /* start_play@2x.png */,
				8413BD442367EB32008445BE /* start_play@3x.png */,
				8413BD352367EB32008445BE /* sun_max.png */,
				8413BD5E2367EB32008445BE /* sun_max@2x.png */,
				8413BD5F2367EB32008445BE /* sun_max@3x.png */,
				8413BD492367EB32008445BE /* sun_min.png */,
				8413BD5B2367EB32008445BE /* sun_min@2x.png */,
				8413BD622367EB32008445BE /* sun_min@3x.png */,
				8413BD452367EB32008445BE /* video_back.png */,
				8413BD4F2367EB32008445BE /* video_back@2x.png */,
				8413BD572367EB32008445BE /* video_back@3x.png */,
				8413BD4A2367EB32008445BE /* video_lock.png */,
				8413BD4B2367EB32008445BE /* video_lock@2x.png */,
				8413BD592367EB32008445BE /* video_lock@3x.png */,
				8413BD4D2367EB32008445BE /* video_unLock.png */,
				8413BD482367EB32008445BE /* video_unLock@2x.png */,
				8413BD432367EB32008445BE /* video_unLock@3x.png */,
				8413BD382367EB32008445BE /* voice_max.png */,
				8413BD402367EB32008445BE /* voice_max@2x.png */,
				8413BD372367EB32008445BE /* voice_max@3x.png */,
				8413BD3F2367EB32008445BE /* voice_middle.png */,
				8413BD532367EB32008445BE /* voice_middle@2x.png */,
				8413BD512367EB32008445BE /* voice_middle@3x.png */,
				8413BD4C2367EB32008445BE /* voice_min.png */,
				8413BD3D2367EB32008445BE /* voice_min@2x.png */,
				8413BD3B2367EB32008445BE /* voice_min@3x.png */,
			);
			path = Resouce;
			sourceTree = "<group>";
		};
		84E067AF2187FFA0002C06E5 = {
			isa = PBXGroup;
			children = (
				84E067BA2187FFA0002C06E5 /* LURecordProject */,
				84E067D32187FFA4002C06E5 /* LURecordProjectTests */,
				84E067DE2187FFA4002C06E5 /* LURecordProjectUITests */,
				84E067B92187FFA0002C06E5 /* Products */,
				0D4F81ABA034F647B333B64E /* Pods */,
				28A5183E3D61DC9AE5909562 /* Frameworks */,
			);
			sourceTree = "<group>";
		};
		84E067B92187FFA0002C06E5 /* Products */ = {
			isa = PBXGroup;
			children = (
				84E067B82187FFA0002C06E5 /* 视频播放器.app */,
				84E067D02187FFA4002C06E5 /* LURecordProjectTests.xctest */,
				84E067DB2187FFA4002C06E5 /* LURecordProjectUITests.xctest */,
			);
			name = Products;
			sourceTree = "<group>";
		};
		84E067BA2187FFA0002C06E5 /* LURecordProject */ = {
			isa = PBXGroup;
			children = (
				8413BD292367EB32008445BE /* AVPlayer */,
				84E0681F21885662002C06E5 /* Resource */,
				84E0688B21885839002C06E5 /* Main */,
				84E0680121884A00002C06E5 /* Util */,
				84E067C42187FFA3002C06E5 /* Assets.xcassets */,
				84E067C62187FFA3002C06E5 /* LaunchScreen.storyboard */,
				84E067C92187FFA3002C06E5 /* Info.plist */,
				84E067CA2187FFA3002C06E5 /* main.m */,
				84E067FD2188493E002C06E5 /* PrefixHeader.pch */,
			);
			path = LURecordProject;
			sourceTree = "<group>";
		};
		84E067D32187FFA4002C06E5 /* LURecordProjectTests */ = {
			isa = PBXGroup;
			children = (
				84E067D42187FFA4002C06E5 /* LURecordProjectTests.m */,
				84E067D62187FFA4002C06E5 /* Info.plist */,
			);
			path = LURecordProjectTests;
			sourceTree = "<group>";
		};
		84E067DE2187FFA4002C06E5 /* LURecordProjectUITests */ = {
			isa = PBXGroup;
			children = (
				84E067DF2187FFA4002C06E5 /* LURecordProjectUITests.m */,
				84E067E12187FFA4002C06E5 /* Info.plist */,
			);
			path = LURecordProjectUITests;
			sourceTree = "<group>";
		};
		84E0680121884A00002C06E5 /* Util */ = {
			isa = PBXGroup;
			children = (
				84892B252318CD0D00D34096 /* VCManager.h */,
				84892B262318CD0D00D34096 /* VCManager.m */,
				84E068162188548E002C06E5 /* Files */,
				84E0681B218854DA002C06E5 /* Category */,
				84E067FE2188497C002C06E5 /* GlobalConfig.h */,
				84E067FF2188497C002C06E5 /* GlobalConfig.m */,
				84E0681C218855A0002C06E5 /* MyTool.h */,
				84E0681D218855A0002C06E5 /* MyTool.m */,
			);
			path = Util;
			sourceTree = "<group>";
		};
		84E068162188548E002C06E5 /* Files */ = {
			isa = PBXGroup;
			children = (
				84E068172188548E002C06E5 /* MHDefine.h */,
				84E068182188548E002C06E5 /* MHPathDefine.h */,
				84E068192188548E002C06E5 /* MHLogDefine.h */,
				84E0681A2188548E002C06E5 /* MHViewDefine.h */,
			);
			path = Files;
			sourceTree = "<group>";
		};
		84E0681B218854DA002C06E5 /* Category */ = {
			isa = PBXGroup;
			children = (
				84892B222318C91500D34096 /* UIAlertController+DY.h */,
				84892B232318C91500D34096 /* UIAlertController+DY.m */,
				84E0688D21885D7D002C06E5 /* UIView+Coordinate.h */,
				84E0688C21885D7D002C06E5 /* UIView+Coordinate.m */,
				84E067C12187FFA0002C06E5 /* Main.storyboard */,
			);
			path = Category;
			sourceTree = "<group>";
		};
		84E0681F21885662002C06E5 /* Resource */ = {
			isa = PBXGroup;
			children = (
				84E0682021885662002C06E5 /* DINPro-Medium.otf */,
				84E0682221885662002C06E5 /* DINPro-Regular.otf */,
			);
			path = Resource;
			sourceTree = "<group>";
		};
		84E0686C21885834002C06E5 /* Base */ = {
			isa = PBXGroup;
			children = (
				84E0687921885834002C06E5 /* BaseNavViewController.h */,
				84E0686F21885834002C06E5 /* BaseNavViewController.m */,
				84E60A9E2362D80D00416CFB /* BaseViewController.h */,
				84E60A9D2362D80D00416CFB /* BaseViewController.m */,
				84E60AA02362D81B00416CFB /* RootNavBar.h */,
				84E60AA12362D81C00416CFB /* RootNavBar.m */,
			);
			path = Base;
			sourceTree = "<group>";
		};
		84E0688B21885839002C06E5 /* Main */ = {
			isa = PBXGroup;
			children = (
				84E60A972362D76700416CFB /* VideoListCell.h */,
				84E60A982362D76700416CFB /* VideoListCell.m */,
				84E60A942362CD4F00416CFB /* DKVideoDetailVC.h */,
				84E60A952362CD5000416CFB /* DKVideoDetailVC.m */,
				84E067BB2187FFA0002C06E5 /* AppDelegate.h */,
				84E067BC2187FFA0002C06E5 /* AppDelegate.m */,
				84892AAB2318C1EA00D34096 /* MediaListVC.h */,
				84892AAC2318C1EA00D34096 /* MediaListVC.m */,
				8409A4DF231FCCD800C22DFB /* MediaVC.h */,
				8409A4E0231FCCD800C22DFB /* MediaVC.m */,
				84E0686C21885834002C06E5 /* Base */,
			);
			path = Main;
			sourceTree = "<group>";
		};
/* End PBXGroup section */

/* Begin PBXNativeTarget section */
		84E067B72187FFA0002C06E5 /* LURecordProject */ = {
			isa = PBXNativeTarget;
			buildConfigurationList = 84E067E42187FFA4002C06E5 /* Build configuration list for PBXNativeTarget "LURecordProject" */;
			buildPhases = (
				73FEB6DD6C6F490BCA41E2F9 /* [CP] Check Pods Manifest.lock */,
				84E067B42187FFA0002C06E5 /* Sources */,
				84E067B52187FFA0002C06E5 /* Frameworks */,
				84E067B62187FFA0002C06E5 /* Resources */,
				4B94A718BB098B92EF367E19 /* [CP] Copy Pods Resources */,
			);
			buildRules = (
			);
			dependencies = (
			);
			name = LURecordProject;
			productName = LURecordProject;
			productReference = 84E067B82187FFA0002C06E5 /* 视频播放器.app */;
			productType = "com.apple.product-type.application";
		};
		84E067CF2187FFA4002C06E5 /* LURecordProjectTests */ = {
			isa = PBXNativeTarget;
			buildConfigurationList = 84E067E72187FFA4002C06E5 /* Build configuration list for PBXNativeTarget "LURecordProjectTests" */;
			buildPhases = (
				84E067CC2187FFA4002C06E5 /* Sources */,
				84E067CD2187FFA4002C06E5 /* Frameworks */,
				84E067CE2187FFA4002C06E5 /* Resources */,
			);
			buildRules = (
			);
			dependencies = (
				84E067D22187FFA4002C06E5 /* PBXTargetDependency */,
			);
			name = LURecordProjectTests;
			productName = LURecordProjectTests;
			productReference = 84E067D02187FFA4002C06E5 /* LURecordProjectTests.xctest */;
			productType = "com.apple.product-type.bundle.unit-test";
		};
		84E067DA2187FFA4002C06E5 /* LURecordProjectUITests */ = {
			isa = PBXNativeTarget;
			buildConfigurationList = 84E067EA2187FFA4002C06E5 /* Build configuration list for PBXNativeTarget "LURecordProjectUITests" */;
			buildPhases = (
				84E067D72187FFA4002C06E5 /* Sources */,
				84E067D82187FFA4002C06E5 /* Frameworks */,
				84E067D92187FFA4002C06E5 /* Resources */,
			);
			buildRules = (
			);
			dependencies = (
				84E067DD2187FFA4002C06E5 /* PBXTargetDependency */,
			);
			name = LURecordProjectUITests;
			productName = LURecordProjectUITests;
			productReference = 84E067DB2187FFA4002C06E5 /* LURecordProjectUITests.xctest */;
			productType = "com.apple.product-type.bundle.ui-testing";
		};
/* End PBXNativeTarget section */

/* Begin PBXProject section */
		84E067B02187FFA0002C06E5 /* Project object */ = {
			isa = PBXProject;
			attributes = {
				LastUpgradeCheck = 1000;
				ORGANIZATIONNAME = LU;
				TargetAttributes = {
					84E067B72187FFA0002C06E5 = {
						CreatedOnToolsVersion = 10.0;
					};
					84E067CF2187FFA4002C06E5 = {
						CreatedOnToolsVersion = 10.0;
						TestTargetID = 84E067B72187FFA0002C06E5;
					};
					84E067DA2187FFA4002C06E5 = {
						CreatedOnToolsVersion = 10.0;
						TestTargetID = 84E067B72187FFA0002C06E5;
					};
				};
			};
			buildConfigurationList = 84E067B32187FFA0002C06E5 /* Build configuration list for PBXProject "LURecordProject" */;
			compatibilityVersion = "Xcode 9.3";
			developmentRegion = en;
			hasScannedForEncodings = 0;
			knownRegions = (
				en,
				Base,
			);
			mainGroup = 84E067AF2187FFA0002C06E5;
			productRefGroup = 84E067B92187FFA0002C06E5 /* Products */;
			projectDirPath = "";
			projectRoot = "";
			targets = (
				84E067B72187FFA0002C06E5 /* LURecordProject */,
				84E067CF2187FFA4002C06E5 /* LURecordProjectTests */,
				84E067DA2187FFA4002C06E5 /* LURecordProjectUITests */,
			);
		};
/* End PBXProject section */

/* Begin PBXResourcesBuildPhase section */
		84E067B62187FFA0002C06E5 /* Resources */ = {
			isa = PBXResourcesBuildPhase;
			buildActionMask = 2147483647;
			files = (
				8413BD7A2367EB32008445BE /* voice_min@2x.png in Resources */,
				8413BD882367EB32008445BE /* video_lock@2x.png in Resources */,
				8413BD992367EB32008445BE /* next_video@3x.png in Resources */,
				8413BD8B2367EB32008445BE /* fullScreen@2x.png in Resources */,
				8413BD732367EB32008445BE /* pause_play@3x.png in Resources */,
				8413BD742367EB32008445BE /* voice_max@3x.png in Resources */,
				8413BD9F2367EB32008445BE /* sun_min@3x.png in Resources */,
				8413BD802367EB32008445BE /* video_unLock@3x.png in Resources */,
				8413BD762367EB32008445BE /* next_video.png in Resources */,
				8413BD772367EB32008445BE /* slider_thumb@3x.png in Resources */,
				8413BD7B2367EB32008445BE /* start_play.png in Resources */,
				8413BD792367EB32008445BE /* slider_thumb@2x.png in Resources */,
				8413BD9A2367EB32008445BE /* bottom_bg@2x.png in Resources */,
				8413BD7C2367EB32008445BE /* voice_middle.png in Resources */,
				8413BD9B2367EB32008445BE /* sun_max@2x.png in Resources */,
				8413BD8D2367EB32008445BE /* head_bg@2x.png in Resources */,
				8413BD9E2367EB32008445BE /* next_video@2x.png in Resources */,
				8413BD962367EB32008445BE /* video_lock@3x.png in Resources */,
				8413BD842367EB32008445BE /* start_play@2x.png in Resources */,
				8413BD852367EB32008445BE /* video_unLock@2x.png in Resources */,
				8413BD922367EB32008445BE /* head_bg@3x.png in Resources */,
				8413BD812367EB32008445BE /* start_play@3x.png in Resources */,
				8413BD982367EB32008445BE /* sun_min@2x.png in Resources */,
				8413BD902367EB32008445BE /* voice_middle@2x.png in Resources */,
				8413BD832367EB32008445BE /* bottom_bg.png in Resources */,
				84E0682521885662002C06E5 /* DINPro-Regular.otf in Resources */,
				84E067C82187FFA3002C06E5 /* LaunchScreen.storyboard in Resources */,
				8413BD942367EB32008445BE /* video_back@3x.png in Resources */,
				84E067C52187FFA3002C06E5 /* Assets.xcassets in Resources */,
				8413BD8E2367EB32008445BE /* voice_middle@3x.png in Resources */,
				8413BD7E2367EB32008445BE /* pause_play@2x.png in Resources */,
				84E0682321885662002C06E5 /* DINPro-Medium.otf in Resources */,
				8413BD752367EB32008445BE /* voice_max.png in Resources */,
				8413BD8C2367EB32008445BE /* video_back@2x.png in Resources */,
				8413BD872367EB32008445BE /* video_lock.png in Resources */,
				8413BD822367EB32008445BE /* video_back.png in Resources */,
				8413BD892367EB32008445BE /* voice_min.png in Resources */,
				84E067C32187FFA0002C06E5 /* Main.storyboard in Resources */,
				8413BD9C2367EB32008445BE /* sun_max@3x.png in Resources */,
				8413BD862367EB32008445BE /* sun_min.png in Resources */,
				8413BD932367EB32008445BE /* slider_thumb.png in Resources */,
				8413BD952367EB32008445BE /* fullScreen@3x.png in Resources */,
				8413BD8A2367EB32008445BE /* video_unLock.png in Resources */,
				8413BD722367EB32008445BE /* sun_max.png in Resources */,
				8413BDA12367EB32008445BE /* head_bg.png in Resources */,
				8413BD782367EB32008445BE /* voice_min@3x.png in Resources */,
				8413BD7D2367EB32008445BE /* voice_max@2x.png in Resources */,
				8413BD9D2367EB32008445BE /* bottom_bg@3x.png in Resources */,
				8413BD7F2367EB32008445BE /* pause_play.png in Resources */,
			);
			runOnlyForDeploymentPostprocessing = 0;
		};
		84E067CE2187FFA4002C06E5 /* Resources */ = {
			isa = PBXResourcesBuildPhase;
			buildActionMask = 2147483647;
			files = (
			);
			runOnlyForDeploymentPostprocessing = 0;
		};
		84E067D92187FFA4002C06E5 /* Resources */ = {
			isa = PBXResourcesBuildPhase;
			buildActionMask = 2147483647;
			files = (
			);
			runOnlyForDeploymentPostprocessing = 0;
		};
/* End PBXResourcesBuildPhase section */

/* Begin PBXShellScriptBuildPhase section */
		4B94A718BB098B92EF367E19 /* [CP] Copy Pods Resources */ = {
			isa = PBXShellScriptBuildPhase;
			buildActionMask = 2147483647;
			files = (
			);
			inputPaths = (
				"${SRCROOT}/Pods/Target Support Files/Pods-LURecordProject/Pods-LURecordProject-resources.sh",
				"${PODS_ROOT}/IQKeyboardManager/IQKeyboardManager/Resources/IQKeyboardManager.bundle",
				"${PODS_ROOT}/MBProgressHUD+JDragon/MBProgressHUD+JDragon/MBProgressHUD+JDragon.bundle",
			);
			name = "[CP] Copy Pods Resources";
			outputPaths = (
				"${TARGET_BUILD_DIR}/${UNLOCALIZED_RESOURCES_FOLDER_PATH}/IQKeyboardManager.bundle",
				"${TARGET_BUILD_DIR}/${UNLOCALIZED_RESOURCES_FOLDER_PATH}/MBProgressHUD+JDragon.bundle",
			);
			runOnlyForDeploymentPostprocessing = 0;
			shellPath = /bin/sh;
			shellScript = "\"${SRCROOT}/Pods/Target Support Files/Pods-LURecordProject/Pods-LURecordProject-resources.sh\"\n";
			showEnvVarsInLog = 0;
		};
		73FEB6DD6C6F490BCA41E2F9 /* [CP] Check Pods Manifest.lock */ = {
			isa = PBXShellScriptBuildPhase;
			buildActionMask = 2147483647;
			files = (
			);
			inputPaths = (
				"${PODS_PODFILE_DIR_PATH}/Podfile.lock",
				"${PODS_ROOT}/Manifest.lock",
			);
			name = "[CP] Check Pods Manifest.lock";
			outputPaths = (
				"$(DERIVED_FILE_DIR)/Pods-LURecordProject-checkManifestLockResult.txt",
			);
			runOnlyForDeploymentPostprocessing = 0;
			shellPath = /bin/sh;
			shellScript = "diff \"${PODS_PODFILE_DIR_PATH}/Podfile.lock\" \"${PODS_ROOT}/Manifest.lock\" > /dev/null\nif [ $? != 0 ] ; then\n    # print error to STDERR\n    echo \"error: The sandbox is not in sync with the Podfile.lock. Run 'pod install' or update your CocoaPods installation.\" >&2\n    exit 1\nfi\n# This output is used by Xcode 'outputs' to avoid re-running this script phase.\necho \"SUCCESS\" > \"${SCRIPT_OUTPUT_FILE_0}\"\n";
			showEnvVarsInLog = 0;
		};
/* End PBXShellScriptBuildPhase section */

/* Begin PBXSourcesBuildPhase section */
		84E067B42187FFA0002C06E5 /* Sources */ = {
			isa = PBXSourcesBuildPhase;
			buildActionMask = 2147483647;
			files = (
				8413BD6E2367EB32008445BE /* DKSelectView.m in Sources */,
				8409A4E1231FCCD800C22DFB /* MediaVC.m in Sources */,
				84E60A9F2362D80D00416CFB /* BaseViewController.m in Sources */,
				84E60AA22362D81C00416CFB /* RootNavBar.m in Sources */,
				8413BDA22367EB32008445BE /* DKDownloadTask.m in Sources */,
				8413BD712367EB32008445BE /* DKVideoModel.m in Sources */,
				8413BD6D2367EB32008445BE /* DKAVPlayerToolBar.m in Sources */,
				84892B272318CD0D00D34096 /* VCManager.m in Sources */,
				84E60A992362D76700416CFB /* VideoListCell.m in Sources */,
				84892B242318C91500D34096 /* UIAlertController+DY.m in Sources */,
				84E0688E21885D7D002C06E5 /* UIView+Coordinate.m in Sources */,
				8413BD6F2367EB32008445BE /* DKAVPlayer.m in Sources */,
				84892AAD2318C1EA00D34096 /* MediaListVC.m in Sources */,
				84E60A962362CD5000416CFB /* DKVideoDetailVC.m in Sources */,
				84E0688221885834002C06E5 /* BaseNavViewController.m in Sources */,
				8413BDA32367EB32008445BE /* DKSmallToolBar.m in Sources */,
				84E0681E218855A0002C06E5 /* MyTool.m in Sources */,
				8413BDA42367EB32008445BE /* RXSlider.m in Sources */,
				84E068002188497C002C06E5 /* GlobalConfig.m in Sources */,
				8413BD702367EB32008445BE /* DKFullScreenVC.m in Sources */,
				84E067CB2187FFA3002C06E5 /* main.m in Sources */,
				84E067BD2187FFA0002C06E5 /* AppDelegate.m in Sources */,
			);
			runOnlyForDeploymentPostprocessing = 0;
		};
		84E067CC2187FFA4002C06E5 /* Sources */ = {
			isa = PBXSourcesBuildPhase;
			buildActionMask = 2147483647;
			files = (
				84E067D52187FFA4002C06E5 /* LURecordProjectTests.m in Sources */,
			);
			runOnlyForDeploymentPostprocessing = 0;
		};
		84E067D72187FFA4002C06E5 /* Sources */ = {
			isa = PBXSourcesBuildPhase;
			buildActionMask = 2147483647;
			files = (
				84E067E02187FFA4002C06E5 /* LURecordProjectUITests.m in Sources */,
			);
			runOnlyForDeploymentPostprocessing = 0;
		};
/* End PBXSourcesBuildPhase section */

/* Begin PBXTargetDependency section */
		84E067D22187FFA4002C06E5 /* PBXTargetDependency */ = {
			isa = PBXTargetDependency;
			target = 84E067B72187FFA0002C06E5 /* LURecordProject */;
			targetProxy = 84E067D12187FFA4002C06E5 /* PBXContainerItemProxy */;
		};
		84E067DD2187FFA4002C06E5 /* PBXTargetDependency */ = {
			isa = PBXTargetDependency;
			target = 84E067B72187FFA0002C06E5 /* LURecordProject */;
			targetProxy = 84E067DC2187FFA4002C06E5 /* PBXContainerItemProxy */;
		};
/* End PBXTargetDependency section */

/* Begin PBXVariantGroup section */
		84E067C12187FFA0002C06E5 /* Main.storyboard */ = {
			isa = PBXVariantGroup;
			children = (
				84E067C22187FFA0002C06E5 /* Base */,
			);
			name = Main.storyboard;
			sourceTree = "<group>";
		};
		84E067C62187FFA3002C06E5 /* LaunchScreen.storyboard */ = {
			isa = PBXVariantGroup;
			children = (
				84E067C72187FFA3002C06E5 /* Base */,
			);
			name = LaunchScreen.storyboard;
			sourceTree = "<group>";
		};
/* End PBXVariantGroup section */

/* Begin XCBuildConfiguration section */
		84E067E22187FFA4002C06E5 /* Debug */ = {
			isa = XCBuildConfiguration;
			buildSettings = {
				ALWAYS_SEARCH_USER_PATHS = NO;
				CLANG_ANALYZER_NONNULL = YES;
				CLANG_ANALYZER_NUMBER_OBJECT_CONVERSION = YES_AGGRESSIVE;
				CLANG_CXX_LANGUAGE_STANDARD = "gnu++14";
				CLANG_CXX_LIBRARY = "libc++";
				CLANG_ENABLE_MODULES = YES;
				CLANG_ENABLE_OBJC_ARC = YES;
				CLANG_ENABLE_OBJC_WEAK = YES;
				CLANG_WARN_BLOCK_CAPTURE_AUTORELEASING = YES;
				CLANG_WARN_BOOL_CONVERSION = YES;
				CLANG_WARN_COMMA = YES;
				CLANG_WARN_CONSTANT_CONVERSION = YES;
				CLANG_WARN_DEPRECATED_OBJC_IMPLEMENTATIONS = YES;
				CLANG_WARN_DIRECT_OBJC_ISA_USAGE = YES_ERROR;
				CLANG_WARN_DOCUMENTATION_COMMENTS = YES;
				CLANG_WARN_EMPTY_BODY = YES;
				CLANG_WARN_ENUM_CONVERSION = YES;
				CLANG_WARN_INFINITE_RECURSION = YES;
				CLANG_WARN_INT_CONVERSION = YES;
				CLANG_WARN_NON_LITERAL_NULL_CONVERSION = YES;
				CLANG_WARN_OBJC_IMPLICIT_RETAIN_SELF = YES;
				CLANG_WARN_OBJC_LITERAL_CONVERSION = YES;
				CLANG_WARN_OBJC_ROOT_CLASS = YES_ERROR;
				CLANG_WARN_RANGE_LOOP_ANALYSIS = YES;
				CLANG_WARN_STRICT_PROTOTYPES = YES;
				CLANG_WARN_SUSPICIOUS_MOVE = YES;
				CLANG_WARN_UNGUARDED_AVAILABILITY = YES_AGGRESSIVE;
				CLANG_WARN_UNREACHABLE_CODE = YES;
				CLANG_WARN__DUPLICATE_METHOD_MATCH = YES;
				CODE_SIGN_IDENTITY = "iPhone Developer";
				COPY_PHASE_STRIP = NO;
				DEBUG_INFORMATION_FORMAT = dwarf;
				ENABLE_STRICT_OBJC_MSGSEND = YES;
				ENABLE_TESTABILITY = YES;
				GCC_C_LANGUAGE_STANDARD = gnu11;
				GCC_DYNAMIC_NO_PIC = NO;
				GCC_NO_COMMON_BLOCKS = YES;
				GCC_OPTIMIZATION_LEVEL = 0;
				GCC_PREPROCESSOR_DEFINITIONS = (
					"DEBUG=1",
					"$(inherited)",
				);
				GCC_WARN_64_TO_32_BIT_CONVERSION = YES;
				GCC_WARN_ABOUT_RETURN_TYPE = YES_ERROR;
				GCC_WARN_UNDECLARED_SELECTOR = YES;
				GCC_WARN_UNINITIALIZED_AUTOS = YES_AGGRESSIVE;
				GCC_WARN_UNUSED_FUNCTION = YES;
				GCC_WARN_UNUSED_VARIABLE = YES;
				IPHONEOS_DEPLOYMENT_TARGET = 12.0;
				MTL_ENABLE_DEBUG_INFO = INCLUDE_SOURCE;
				MTL_FAST_MATH = YES;
				ONLY_ACTIVE_ARCH = YES;
				SDKROOT = iphoneos;
			};
			name = Debug;
		};
		84E067E32187FFA4002C06E5 /* Release */ = {
			isa = XCBuildConfiguration;
			buildSettings = {
				ALWAYS_SEARCH_USER_PATHS = NO;
				CLANG_ANALYZER_NONNULL = YES;
				CLANG_ANALYZER_NUMBER_OBJECT_CONVERSION = YES_AGGRESSIVE;
				CLANG_CXX_LANGUAGE_STANDARD = "gnu++14";
				CLANG_CXX_LIBRARY = "libc++";
				CLANG_ENABLE_MODULES = YES;
				CLANG_ENABLE_OBJC_ARC = YES;
				CLANG_ENABLE_OBJC_WEAK = YES;
				CLANG_WARN_BLOCK_CAPTURE_AUTORELEASING = YES;
				CLANG_WARN_BOOL_CONVERSION = YES;
				CLANG_WARN_COMMA = YES;
				CLANG_WARN_CONSTANT_CONVERSION = YES;
				CLANG_WARN_DEPRECATED_OBJC_IMPLEMENTATIONS = YES;
				CLANG_WARN_DIRECT_OBJC_ISA_USAGE = YES_ERROR;
				CLANG_WARN_DOCUMENTATION_COMMENTS = YES;
				CLANG_WARN_EMPTY_BODY = YES;
				CLANG_WARN_ENUM_CONVERSION = YES;
				CLANG_WARN_INFINITE_RECURSION = YES;
				CLANG_WARN_INT_CONVERSION = YES;
				CLANG_WARN_NON_LITERAL_NULL_CONVERSION = YES;
				CLANG_WARN_OBJC_IMPLICIT_RETAIN_SELF = YES;
				CLANG_WARN_OBJC_LITERAL_CONVERSION = YES;
				CLANG_WARN_OBJC_ROOT_CLASS = YES_ERROR;
				CLANG_WARN_RANGE_LOOP_ANALYSIS = YES;
				CLANG_WARN_STRICT_PROTOTYPES = YES;
				CLANG_WARN_SUSPICIOUS_MOVE = YES;
				CLANG_WARN_UNGUARDED_AVAILABILITY = YES_AGGRESSIVE;
				CLANG_WARN_UNREACHABLE_CODE = YES;
				CLANG_WARN__DUPLICATE_METHOD_MATCH = YES;
				CODE_SIGN_IDENTITY = "iPhone Developer";
				COPY_PHASE_STRIP = NO;
				DEBUG_INFORMATION_FORMAT = "dwarf-with-dsym";
				ENABLE_NS_ASSERTIONS = NO;
				ENABLE_STRICT_OBJC_MSGSEND = YES;
				GCC_C_LANGUAGE_STANDARD = gnu11;
				GCC_NO_COMMON_BLOCKS = YES;
				GCC_WARN_64_TO_32_BIT_CONVERSION = YES;
				GCC_WARN_ABOUT_RETURN_TYPE = YES_ERROR;
				GCC_WARN_UNDECLARED_SELECTOR = YES;
				GCC_WARN_UNINITIALIZED_AUTOS = YES_AGGRESSIVE;
				GCC_WARN_UNUSED_FUNCTION = YES;
				GCC_WARN_UNUSED_VARIABLE = YES;
				IPHONEOS_DEPLOYMENT_TARGET = 12.0;
				MTL_ENABLE_DEBUG_INFO = NO;
				MTL_FAST_MATH = YES;
				SDKROOT = iphoneos;
				VALIDATE_PRODUCT = YES;
			};
			name = Release;
		};
		84E067E52187FFA4002C06E5 /* Debug */ = {
			isa = XCBuildConfiguration;
			baseConfigurationReference = 470C864A6D6E07A8BFD35A75 /* Pods-LURecordProject.debug.xcconfig */;
			buildSettings = {
				ASSETCATALOG_COMPILER_APPICON_NAME = AppIcon;
				CODE_SIGN_STYLE = Automatic;
				DEVELOPMENT_TEAM = BSWJFWWJ74;
				GCC_PRECOMPILE_PREFIX_HEADER = YES;
				GCC_PREFIX_HEADER = "$(SRCROOT)/LURecordProject/PrefixHeader.pch";
				INFOPLIST_FILE = LURecordProject/Info.plist;
				IPHONEOS_DEPLOYMENT_TARGET = 9.0;
				LD_RUNPATH_SEARCH_PATHS = (
					"$(inherited)",
					"@executable_path/Frameworks",
				);
				PRODUCT_BUNDLE_IDENTIFIER = com.lu.LURecordProject555;
				PRODUCT_NAME = "视频播放器";
				TARGETED_DEVICE_FAMILY = "1,2";
			};
			name = Debug;
		};
		84E067E62187FFA4002C06E5 /* Release */ = {
			isa = XCBuildConfiguration;
			baseConfigurationReference = FCF2CF1D7FD39BC191E58F80 /* Pods-LURecordProject.release.xcconfig */;
			buildSettings = {
				ASSETCATALOG_COMPILER_APPICON_NAME = AppIcon;
				CODE_SIGN_STYLE = Automatic;
				DEVELOPMENT_TEAM = BSWJFWWJ74;
				GCC_PRECOMPILE_PREFIX_HEADER = YES;
				GCC_PREFIX_HEADER = "$(SRCROOT)/LURecordProject/PrefixHeader.pch";
				INFOPLIST_FILE = LURecordProject/Info.plist;
				IPHONEOS_DEPLOYMENT_TARGET = 9.0;
				LD_RUNPATH_SEARCH_PATHS = (
					"$(inherited)",
					"@executable_path/Frameworks",
				);
				PRODUCT_BUNDLE_IDENTIFIER = com.lu.LURecordProject555;
				PRODUCT_NAME = "视频播放器";
				TARGETED_DEVICE_FAMILY = "1,2";
			};
			name = Release;
		};
		84E067E82187FFA4002C06E5 /* Debug */ = {
			isa = XCBuildConfiguration;
			buildSettings = {
				BUNDLE_LOADER = "$(TEST_HOST)";
				CODE_SIGN_STYLE = Automatic;
				INFOPLIST_FILE = LURecordProjectTests/Info.plist;
				LD_RUNPATH_SEARCH_PATHS = (
					"$(inherited)",
					"@executable_path/Frameworks",
					"@loader_path/Frameworks",
				);
				PRODUCT_BUNDLE_IDENTIFIER = com.lu.LURecordProjectTests;
				PRODUCT_NAME = "$(TARGET_NAME)";
				TARGETED_DEVICE_FAMILY = "1,2";
				TEST_HOST = "$(BUILT_PRODUCTS_DIR)/LURecordProject.app/LURecordProject";
			};
			name = Debug;
		};
		84E067E92187FFA4002C06E5 /* Release */ = {
			isa = XCBuildConfiguration;
			buildSettings = {
				BUNDLE_LOADER = "$(TEST_HOST)";
				CODE_SIGN_STYLE = Automatic;
				INFOPLIST_FILE = LURecordProjectTests/Info.plist;
				LD_RUNPATH_SEARCH_PATHS = (
					"$(inherited)",
					"@executable_path/Frameworks",
					"@loader_path/Frameworks",
				);
				PRODUCT_BUNDLE_IDENTIFIER = com.lu.LURecordProjectTests;
				PRODUCT_NAME = "$(TARGET_NAME)";
				TARGETED_DEVICE_FAMILY = "1,2";
				TEST_HOST = "$(BUILT_PRODUCTS_DIR)/LURecordProject.app/LURecordProject";
			};
			name = Release;
		};
		84E067EB2187FFA4002C06E5 /* Debug */ = {
			isa = XCBuildConfiguration;
			buildSettings = {
				CODE_SIGN_STYLE = Automatic;
				INFOPLIST_FILE = LURecordProjectUITests/Info.plist;
				LD_RUNPATH_SEARCH_PATHS = (
					"$(inherited)",
					"@executable_path/Frameworks",
					"@loader_path/Frameworks",
				);
				PRODUCT_BUNDLE_IDENTIFIER = com.lu.LURecordProjectUITests;
				PRODUCT_NAME = "$(TARGET_NAME)";
				TARGETED_DEVICE_FAMILY = "1,2";
				TEST_TARGET_NAME = LURecordProject;
			};
			name = Debug;
		};
		84E067EC2187FFA4002C06E5 /* Release */ = {
			isa = XCBuildConfiguration;
			buildSettings = {
				CODE_SIGN_STYLE = Automatic;
				INFOPLIST_FILE = LURecordProjectUITests/Info.plist;
				LD_RUNPATH_SEARCH_PATHS = (
					"$(inherited)",
					"@executable_path/Frameworks",
					"@loader_path/Frameworks",
				);
				PRODUCT_BUNDLE_IDENTIFIER = com.lu.LURecordProjectUITests;
				PRODUCT_NAME = "$(TARGET_NAME)";
				TARGETED_DEVICE_FAMILY = "1,2";
				TEST_TARGET_NAME = LURecordProject;
			};
			name = Release;
		};
/* End XCBuildConfiguration section */

/* Begin XCConfigurationList section */
		84E067B32187FFA0002C06E5 /* Build configuration list for PBXProject "LURecordProject" */ = {
			isa = XCConfigurationList;
			buildConfigurations = (
				84E067E22187FFA4002C06E5 /* Debug */,
				84E067E32187FFA4002C06E5 /* Release */,
			);
			defaultConfigurationIsVisible = 0;
			defaultConfigurationName = Release;
		};
		84E067E42187FFA4002C06E5 /* Build configuration list for PBXNativeTarget "LURecordProject" */ = {
			isa = XCConfigurationList;
			buildConfigurations = (
				84E067E52187FFA4002C06E5 /* Debug */,
				84E067E62187FFA4002C06E5 /* Release */,
			);
			defaultConfigurationIsVisible = 0;
			defaultConfigurationName = Release;
		};
		84E067E72187FFA4002C06E5 /* Build configuration list for PBXNativeTarget "LURecordProjectTests" */ = {
			isa = XCConfigurationList;
			buildConfigurations = (
				84E067E82187FFA4002C06E5 /* Debug */,
				84E067E92187FFA4002C06E5 /* Release */,
			);
			defaultConfigurationIsVisible = 0;
			defaultConfigurationName = Release;
		};
		84E067EA2187FFA4002C06E5 /* Build configuration list for PBXNativeTarget "LURecordProjectUITests" */ = {
			isa = XCConfigurationList;
			buildConfigurations = (
				84E067EB2187FFA4002C06E5 /* Debug */,
				84E067EC2187FFA4002C06E5 /* Release */,
			);
			defaultConfigurationIsVisible = 0;
			defaultConfigurationName = Release;
		};
/* End XCConfigurationList section */
	};
	rootObject = 84E067B02187FFA0002C06E5 /* Project object */;
}
